
Microsoft Visual Studio Solution File, Format Version 12.00
# Visual Studio Version 17
VisualStudioVersion = 17.7.34221.43
MinimumVisualStudioVersion = 10.0.40219.1
Project("{FAE04EC0-301F-11D3-BF4B-00C04F79EFBC}") = "Jungle_WPF_MultiReport", "Jungle_WPF_MultiReport\Jungle_WPF_MultiReport.csproj", "{A2D18EEE-CA97-4720-9087-1551B50BE8FE}"
EndProject
Global
	GlobalSection(SolutionConfigurationPlatforms) = preSolution
		Debug|Any CPU = Debug|Any CPU
		Release|Any CPU = Release|Any CPU
	EndGlobalSection
	GlobalSection(ProjectConfigurationPlatforms) = postSolution
		{A2D18EEE-CA97-4720-9087-1551B50BE8FE}.Debug|Any CPU.ActiveCfg = Debug|Any CPU
		{A2D18EEE-CA97-4720-9087-1551B50BE8FE}.Debug|Any CPU.Build.0 = Debug|Any CPU
		{A2D18EEE-CA97-4720-9087-1551B50BE8FE}.Release|Any CPU.ActiveCfg = Release|Any CPU
		{A2D18EEE-CA97-4720-9087-1551B50BE8FE}.Release|Any CPU.Build.0 = Release|Any CPU
	EndGlobalSection
	GlobalSection(SolutionProperties) = preSolution
		HideSolutionNode = FALSE
	EndGlobalSection
	GlobalSection(ExtensibilityGlobals) = postSolution
		SolutionGuid = {4719CA71-0EB2-4959-9F2E-161C29B389A7}
	EndGlobalSection
EndGlobal
